
Microsoft Visual Studio Solution File, Format Version 12.00
# Visual Studio Version 17
VisualStudioVersion = 17.2.32505.173
MinimumVisualStudioVersion = 10.0.40219.1
Project("{FAE04EC0-301F-11D3-BF4B-00C04F79EFBC}") = "BillingSys", "BillingSys\BillingSys.csproj", "{35696393-CFBB-4D88-854B-6B79EB865944}"
EndProject
Project("{FAE04EC0-301F-11D3-BF4B-00C04F79EFBC}") = "BillingSysTest", "BillingSysTest\BillingSysTest.csproj", "{F807B77A-6FBD-4E2B-AE2A-1E89A9215A9B}"
EndProject
Global
	GlobalSection(SolutionConfigurationPlatforms) = preSolution
		Debug|Any CPU = Debug|Any CPU
		Release|Any CPU = Release|Any CPU
	EndGlobalSection
	GlobalSection(ProjectConfigurationPlatforms) = postSolution
		{35696393-CFBB-4D88-854B-6B79EB865944}.Debug|Any CPU.ActiveCfg = Debug|Any CPU
		{35696393-CFBB-4D88-854B-6B79EB865944}.Debug|Any CPU.Build.0 = Debug|Any CPU
		{35696393-CFBB-4D88-854B-6B79EB865944}.Release|Any CPU.ActiveCfg = Release|Any CPU
		{35696393-CFBB-4D88-854B-6B79EB865944}.Release|Any CPU.Build.0 = Release|Any CPU
		{F807B77A-6FBD-4E2B-AE2A-1E89A9215A9B}.Debug|Any CPU.ActiveCfg = Debug|Any CPU
		{F807B77A-6FBD-4E2B-AE2A-1E89A9215A9B}.Debug|Any CPU.Build.0 = Debug|Any CPU
		{F807B77A-6FBD-4E2B-AE2A-1E89A9215A9B}.Release|Any CPU.ActiveCfg = Release|Any CPU
		{F807B77A-6FBD-4E2B-AE2A-1E89A9215A9B}.Release|Any CPU.Build.0 = Release|Any CPU
	EndGlobalSection
	GlobalSection(SolutionProperties) = preSolution
		HideSolutionNode = FALSE
	EndGlobalSection
	GlobalSection(ExtensibilityGlobals) = postSolution
		SolutionGuid = {373BA134-32B7-4030-B533-8E6ED82FEA6C}
	EndGlobalSection
EndGlobal
